
Microsoft Visual Studio Solution File, Format Version 12.00
# Visual Studio Version 16
VisualStudioVersion = 16.0.29424.173
MinimumVisualStudioVersion = 10.0.40219.1
Project("{FAE04EC0-301F-11D3-BF4B-00C04F79EFBC}") = "SalesWebMvc", "SalesWebMvc\SalesWebMvc.csproj", "{A353930A-1131-44F6-9D04-5EE70304F440}"
EndProject
Global
	GlobalSection(SolutionConfigurationPlatforms) = preSolution
		Debug|Any CPU = Debug|Any CPU
		Release|Any CPU = Release|Any CPU
	EndGlobalSection
	GlobalSection(ProjectConfigurationPlatforms) = postSolution
		{A353930A-1131-44F6-9D04-5EE70304F440}.Debug|Any CPU.ActiveCfg = Debug|Any CPU
		{A353930A-1131-44F6-9D04-5EE70304F440}.Debug|Any CPU.Build.0 = Debug|Any CPU
		{A353930A-1131-44F6-9D04-5EE70304F440}.Release|Any CPU.ActiveCfg = Release|Any CPU
		{A353930A-1131-44F6-9D04-5EE70304F440}.Release|Any CPU.Build.0 = Release|Any CPU
	EndGlobalSection
	GlobalSection(SolutionProperties) = preSolution
		HideSolutionNode = FALSE
	EndGlobalSection
	GlobalSection(ExtensibilityGlobals) = postSolution
		SolutionGuid = {52646CA4-4B8E-4803-9354-B1F61F55F5A1}
	EndGlobalSection
EndGlobal
